Microsoft Visual Studio Solution File, Format Version 12.00
# Visual Studio 15
VisualStudioVersion = 15.0.26730.16
MinimumVisualStudioVersion = 10.0.40219.1
Project("{FAE04EC0-301F-11D3-BF4B-00C04F79EFBC}") = "DXSchedulerSelection", "DXSchedulerSelection\DXSchedulerSelection.csproj", "{1EEE19A0-FBD5-4390-8F6D-A37AA525C330}"
EndProject
Global
	GlobalSection(SolutionConfigurationPlatforms) = preSolution
		Debug|Any CPU = Debug|Any CPU
		Release|Any CPU = Release|Any CPU
	EndGlobalSection
	GlobalSection(ProjectConfigurationPlatforms) = postSolution
		{1EEE19A0-FBD5-4390-8F6D-A37AA525C330}.Debug|Any CPU.ActiveCfg = Debug|Any CPU
		{1EEE19A0-FBD5-4390-8F6D-A37AA525C330}.Debug|Any CPU.Build.0 = Debug|Any CPU
		{1EEE19A0-FBD5-4390-8F6D-A37AA525C330}.Release|Any CPU.ActiveCfg = Release|Any CPU
		{1EEE19A0-FBD5-4390-8F6D-A37AA525C330}.Release|Any CPU.Build.0 = Release|Any CPU
	EndGlobalSection
	GlobalSection(SolutionProperties) = preSolution
		HideSolutionNode = FALSE
	EndGlobalSection
	GlobalSection(ExtensibilityGlobals) = postSolution
		SolutionGuid = {0363EE48-6712-426A-A66C-73DCF4068230}
	EndGlobalSection
EndGlobal
